
Microsoft Visual Studio Solution File, Format Version 12.00
# Visual Studio for Mac
Project("{FAE04EC0-301F-11D3-BF4B-00C04F79EFBC}") = "Assembly-CSharp-firstpass", "Assembly-CSharp-firstpass.csproj", "{3D5FF023-A353-AA29-A3E7-7BC09C5B3B89}"
EndProject
Project("{FAE04EC0-301F-11D3-BF4B-00C04F79EFBC}") = "Assembly-CSharp", "Assembly-CSharp.csproj", "{77B07C32-4CB4-644D-BD71-E2F9DAA5C8B6}"
EndProject
Global
	GlobalSection(SolutionConfigurationPlatforms) = preSolution
		Debug|Any CPU = Debug|Any CPU
		Release|Any CPU = Release|Any CPU
	EndGlobalSection
	GlobalSection(ProjectConfigurationPlatforms) = postSolution
		{3D5FF023-A353-AA29-A3E7-7BC09C5B3B89}.Debug|Any CPU.ActiveCfg = Debug|Any CPU
		{3D5FF023-A353-AA29-A3E7-7BC09C5B3B89}.Debug|Any CPU.Build.0 = Debug|Any CPU
		{3D5FF023-A353-AA29-A3E7-7BC09C5B3B89}.Release|Any CPU.ActiveCfg = Release|Any CPU
		{3D5FF023-A353-AA29-A3E7-7BC09C5B3B89}.Release|Any CPU.Build.0 = Release|Any CPU
		{77B07C32-4CB4-644D-BD71-E2F9DAA5C8B6}.Debug|Any CPU.ActiveCfg = Debug|Any CPU
		{77B07C32-4CB4-644D-BD71-E2F9DAA5C8B6}.Debug|Any CPU.Build.0 = Debug|Any CPU
		{77B07C32-4CB4-644D-BD71-E2F9DAA5C8B6}.Release|Any CPU.ActiveCfg = Release|Any CPU
		{77B07C32-4CB4-644D-BD71-E2F9DAA5C8B6}.Release|Any CPU.Build.0 = Release|Any CPU
	EndGlobalSection
	GlobalSection(SolutionProperties) = preSolution
		HideSolutionNode = FALSE
	EndGlobalSection
EndGlobal
